
Microsoft Visual Studio Solution File, Format Version 12.00
# Visual Studio Version 16
VisualStudioVersion = 16.0.30204.135
MinimumVisualStudioVersion = 10.0.40219.1
Project("{FAE04EC0-301F-11D3-BF4B-00C04F79EFBC}") = "UnitedYouthOrchestra6", "UnitedYouthOrchestra6\UnitedYouthOrchestra6.csproj", "{86F270A2-289A-4155-B06D-529437373105}"
EndProject
Global
	GlobalSection(SolutionConfigurationPlatforms) = preSolution
		Debug|Any CPU = Debug|Any CPU
		Release|Any CPU = Release|Any CPU
	EndGlobalSection
	GlobalSection(ProjectConfigurationPlatforms) = postSolution
		{86F270A2-289A-4155-B06D-529437373105}.Debug|Any CPU.ActiveCfg = Debug|Any CPU
		{86F270A2-289A-4155-B06D-529437373105}.Debug|Any CPU.Build.0 = Debug|Any CPU
		{86F270A2-289A-4155-B06D-529437373105}.Release|Any CPU.ActiveCfg = Release|Any CPU
		{86F270A2-289A-4155-B06D-529437373105}.Release|Any CPU.Build.0 = Release|Any CPU
	EndGlobalSection
	GlobalSection(SolutionProperties) = preSolution
		HideSolutionNode = FALSE
	EndGlobalSection
	GlobalSection(ExtensibilityGlobals) = postSolution
		SolutionGuid = {0488029F-C02C-45E2-9D2C-2E418F7277D5}
	EndGlobalSection
EndGlobal
